#MicroXplorer Configuration settings - do not modify
ADC1.Channel-1\#ChannelRegularConversion=ADC_CHANNEL_3
ADC1.Channel-2\#ChannelRegularConversion=ADC_CHANNEL_10
ADC1.Channel-3\#ChannelRegularConversion=ADC_CHANNEL_11
ADC1.ContinuousConvMode=DISABLE
ADC1.ConversionDataManagement=ADC_CONVERSIONDATA_DMA_CIRCULAR
ADC1.EOCSelection=ADC_EOC_SEQ_CONV
ADC1.IPParameters=Rank-1\#ChannelRegularConversion,Channel-1\#ChannelRegularConversion,SamplingTime-1\#ChannelRegularConversion,OffsetNumber-1\#ChannelRegularConversion,OffsetSignedSaturation-1\#ChannelRegularConversion,NbrOfConversionFlag,Resolution,ContinuousConvMode,ConversionDataManagement,EOCSelection,Rank-2\#ChannelRegularConversion,Channel-2\#ChannelRegularConversion,SamplingTime-2\#ChannelRegularConversion,OffsetNumber-2\#ChannelRegularConversion,Rank-3\#ChannelRegularConversion,Channel-3\#ChannelRegularConversion,SamplingTime-3\#ChannelRegularConversion,OffsetNumber-3\#ChannelRegularConversion,NbrOfConversion,master
ADC1.NbrOfConversion=3
ADC1.NbrOfConversionFlag=1
ADC1.OffsetNumber-1\#ChannelRegularConversion=ADC_OFFSET_NONE
ADC1.OffsetNumber-2\#ChannelRegularConversion=ADC_OFFSET_NONE
ADC1.OffsetNumber-3\#ChannelRegularConversion=ADC_OFFSET_NONE
ADC1.OffsetSignedSaturation-1\#ChannelRegularConversion=DISABLE
ADC1.Rank-1\#ChannelRegularConversion=1
ADC1.Rank-2\#ChannelRegularConversion=2
ADC1.Rank-3\#ChannelRegularConversion=3
ADC1.Resolution=ADC_RESOLUTION_12B
ADC1.SamplingTime-1\#ChannelRegularConversion=ADC_SAMPLETIME_387CYCLES_5
ADC1.SamplingTime-2\#ChannelRegularConversion=ADC_SAMPLETIME_387CYCLES_5
ADC1.SamplingTime-3\#ChannelRegularConversion=ADC_SAMPLETIME_387CYCLES_5
ADC1.master=1
ADC3.Channel-0\#ChannelRegularConversion=ADC_CHANNEL_0
ADC3.Channel-1\#ChannelRegularConversion=ADC_CHANNEL_1
ADC3.Channel-2\#ChannelRegularConversion=ADC_CHANNEL_VREFINT
ADC3.ContinuousConvMode=DISABLE
ADC3.ConversionDataManagement=ADC_CONVERSIONDATA_DMA_CIRCULAR
ADC3.DMAContinuousRequests=ENABLE
ADC3.EOCSelection=ADC_EOC_SEQ_CONV
ADC3.IPParameters=Rank-0\#ChannelRegularConversion,Channel-0\#ChannelRegularConversion,SamplingTime-0\#ChannelRegularConversion,OffsetNumber-0\#ChannelRegularConversion,OffsetSign-0\#ChannelRegularConversion,NbrOfConversionFlag,EOCSelection,NbrOfConversion,DMAContinuousRequests,Rank-1\#ChannelRegularConversion,Channel-1\#ChannelRegularConversion,SamplingTime-1\#ChannelRegularConversion,OffsetNumber-1\#ChannelRegularConversion,OffsetSign-1\#ChannelRegularConversion,Rank-2\#ChannelRegularConversion,Channel-2\#ChannelRegularConversion,SamplingTime-2\#ChannelRegularConversion,OffsetNumber-2\#ChannelRegularConversion,OffsetSign-2\#ChannelRegularConversion,ContinuousConvMode,ConversionDataManagement
ADC3.NbrOfConversion=3
ADC3.NbrOfConversionFlag=1
ADC3.OffsetNumber-0\#ChannelRegularConversion=ADC_OFFSET_NONE
ADC3.OffsetNumber-1\#ChannelRegularConversion=ADC_OFFSET_NONE
ADC3.OffsetNumber-2\#ChannelRegularConversion=ADC_OFFSET_NONE
ADC3.OffsetSign-0\#ChannelRegularConversion=ADC3_OFFSET_SIGN_NEGATIVE
ADC3.OffsetSign-1\#ChannelRegularConversion=ADC3_OFFSET_SIGN_NEGATIVE
ADC3.OffsetSign-2\#ChannelRegularConversion=ADC3_OFFSET_SIGN_NEGATIVE
ADC3.Rank-0\#ChannelRegularConversion=1
ADC3.Rank-1\#ChannelRegularConversion=2
ADC3.Rank-2\#ChannelRegularConversion=3
ADC3.SamplingTime-0\#ChannelRegularConversion=ADC3_SAMPLETIME_247CYCLES_5
ADC3.SamplingTime-1\#ChannelRegularConversion=ADC3_SAMPLETIME_247CYCLES_5
ADC3.SamplingTime-2\#ChannelRegularConversion=ADC3_SAMPLETIME_247CYCLES_5
Bdma.I2C4_RX.1.Direction=DMA_PERIPH_TO_MEMORY
Bdma.I2C4_RX.1.EventEnable=DISABLE
Bdma.I2C4_RX.1.Instance=BDMA_Channel1
Bdma.I2C4_RX.1.MemDataAlignment=DMA_MDATAALIGN_BYTE
Bdma.I2C4_RX.1.MemInc=DMA_MINC_ENABLE
Bdma.I2C4_RX.1.Mode=DMA_NORMAL
Bdma.I2C4_RX.1.PeriphDataAlignment=DMA_PDATAALIGN_BYTE
Bdma.I2C4_RX.1.PeriphInc=DMA_PINC_DISABLE
Bdma.I2C4_RX.1.Polarity=HAL_DMAMUX_REQ_GEN_RISING
Bdma.I2C4_RX.1.Priority=DMA_PRIORITY_LOW
Bdma.I2C4_RX.1.RequestNumber=1
Bdma.I2C4_RX.1.RequestParameters=Instance,Direction,PeriphInc,MemInc,PeriphDataAlignment,MemDataAlignment,Mode,Priority,SignalID,Polarity,RequestNumber,SyncSignalID,SyncPolarity,SyncEnable,EventEnable,SyncRequestNumber
Bdma.I2C4_RX.1.SignalID=NONE
Bdma.I2C4_RX.1.SyncEnable=DISABLE
Bdma.I2C4_RX.1.SyncPolarity=HAL_DMAMUX_SYNC_NO_EVENT
Bdma.I2C4_RX.1.SyncRequestNumber=1
Bdma.I2C4_RX.1.SyncSignalID=NONE
Bdma.I2C4_TX.0.Direction=DMA_MEMORY_TO_PERIPH
Bdma.I2C4_TX.0.EventEnable=DISABLE
Bdma.I2C4_TX.0.Instance=BDMA_Channel0
Bdma.I2C4_TX.0.MemDataAlignment=DMA_MDATAALIGN_BYTE
Bdma.I2C4_TX.0.MemInc=DMA_MINC_ENABLE
Bdma.I2C4_TX.0.Mode=DMA_NORMAL
Bdma.I2C4_TX.0.PeriphDataAlignment=DMA_PDATAALIGN_BYTE
Bdma.I2C4_TX.0.PeriphInc=DMA_PINC_DISABLE
Bdma.I2C4_TX.0.Polarity=HAL_DMAMUX_REQ_GEN_RISING
Bdma.I2C4_TX.0.Priority=DMA_PRIORITY_LOW
Bdma.I2C4_TX.0.RequestNumber=1
Bdma.I2C4_TX.0.RequestParameters=Instance,Direction,PeriphInc,MemInc,PeriphDataAlignment,MemDataAlignment,Mode,Priority,SignalID,Polarity,RequestNumber,SyncSignalID,SyncPolarity,SyncEnable,EventEnable,SyncRequestNumber
Bdma.I2C4_TX.0.SignalID=NONE
Bdma.I2C4_TX.0.SyncEnable=DISABLE
Bdma.I2C4_TX.0.SyncPolarity=HAL_DMAMUX_SYNC_NO_EVENT
Bdma.I2C4_TX.0.SyncRequestNumber=1
Bdma.I2C4_TX.0.SyncSignalID=NONE
Bdma.Request0=I2C4_TX
Bdma.Request1=I2C4_RX
Bdma.RequestsNb=2
CAD.formats=
CAD.pinconfig=
CAD.provider=
CORTEX_M7.IPParameters=default_mode_Activation
CORTEX_M7.default_mode_Activation=1
DAC1.DAC_Channel-DAC_OUT1=DAC_CHANNEL_1
DAC1.DAC_Trigger-DAC_OUT1=DAC_TRIGGER_T1_TRGO
DAC1.IPParameters=DAC_Channel-DAC_OUT1,DAC_Trigger-DAC_OUT1
Dma.ADC1.3.Direction=DMA_PERIPH_TO_MEMORY
Dma.ADC1.3.EventEnable=DISABLE
Dma.ADC1.3.FIFOMode=DMA_FIFOMODE_DISABLE
Dma.ADC1.3.Instance=DMA2_Stream2
Dma.ADC1.3.MemDataAlignment=DMA_MDATAALIGN_HALFWORD
Dma.ADC1.3.MemInc=DMA_MINC_ENABLE
Dma.ADC1.3.Mode=DMA_CIRCULAR
Dma.ADC1.3.PeriphDataAlignment=DMA_PDATAALIGN_HALFWORD
Dma.ADC1.3.PeriphInc=DMA_PINC_DISABLE
Dma.ADC1.3.Polarity=HAL_DMAMUX_REQ_GEN_RISING
Dma.ADC1.3.Priority=DMA_PRIORITY_LOW
Dma.ADC1.3.RequestNumber=1
Dma.ADC1.3.RequestParameters=Instance,Direction,PeriphInc,MemInc,PeriphDataAlignment,MemDataAlignment,Mode,Priority,FIFOMode,SignalID,Polarity,RequestNumber,SyncSignalID,SyncPolarity,SyncEnable,EventEnable,SyncRequestNumber
Dma.ADC1.3.SignalID=NONE
Dma.ADC1.3.SyncEnable=DISABLE
Dma.ADC1.3.SyncPolarity=HAL_DMAMUX_SYNC_NO_EVENT
Dma.ADC1.3.SyncRequestNumber=1
Dma.ADC1.3.SyncSignalID=NONE
Dma.ADC3.5.Direction=DMA_PERIPH_TO_MEMORY
Dma.ADC3.5.EventEnable=DISABLE
Dma.ADC3.5.FIFOMode=DMA_FIFOMODE_DISABLE
Dma.ADC3.5.Instance=DMA1_Stream0
Dma.ADC3.5.MemDataAlignment=DMA_MDATAALIGN_HALFWORD
Dma.ADC3.5.MemInc=DMA_MINC_ENABLE
Dma.ADC3.5.Mode=DMA_CIRCULAR
Dma.ADC3.5.PeriphDataAlignment=DMA_PDATAALIGN_HALFWORD
Dma.ADC3.5.PeriphInc=DMA_PINC_DISABLE
Dma.ADC3.5.Polarity=HAL_DMAMUX_REQ_GEN_RISING
Dma.ADC3.5.Priority=DMA_PRIORITY_LOW
Dma.ADC3.5.RequestNumber=1
Dma.ADC3.5.RequestParameters=Instance,Direction,PeriphInc,MemInc,PeriphDataAlignment,MemDataAlignment,Mode,Priority,FIFOMode,SignalID,Polarity,RequestNumber,SyncSignalID,SyncPolarity,SyncEnable,EventEnable,SyncRequestNumber
Dma.ADC3.5.SignalID=NONE
Dma.ADC3.5.SyncEnable=DISABLE
Dma.ADC3.5.SyncPolarity=HAL_DMAMUX_SYNC_NO_EVENT
Dma.ADC3.5.SyncRequestNumber=1
Dma.ADC3.5.SyncSignalID=NONE
Dma.DAC1_CH1.4.Direction=DMA_MEMORY_TO_PERIPH
Dma.DAC1_CH1.4.EventEnable=DISABLE
Dma.DAC1_CH1.4.FIFOMode=DMA_FIFOMODE_DISABLE
Dma.DAC1_CH1.4.Instance=DMA2_Stream3
Dma.DAC1_CH1.4.MemDataAlignment=DMA_MDATAALIGN_HALFWORD
Dma.DAC1_CH1.4.MemInc=DMA_MINC_ENABLE
Dma.DAC1_CH1.4.Mode=DMA_CIRCULAR
Dma.DAC1_CH1.4.PeriphDataAlignment=DMA_PDATAALIGN_HALFWORD
Dma.DAC1_CH1.4.PeriphInc=DMA_PINC_DISABLE
Dma.DAC1_CH1.4.Polarity=HAL_DMAMUX_REQ_GEN_RISING
Dma.DAC1_CH1.4.Priority=DMA_PRIORITY_LOW
Dma.DAC1_CH1.4.RequestNumber=1
Dma.DAC1_CH1.4.RequestParameters=Instance,Direction,PeriphInc,MemInc,PeriphDataAlignment,MemDataAlignment,Mode,Priority,FIFOMode,SignalID,Polarity,RequestNumber,SyncSignalID,SyncPolarity,SyncEnable,EventEnable,SyncRequestNumber
Dma.DAC1_CH1.4.SignalID=NONE
Dma.DAC1_CH1.4.SyncEnable=DISABLE
Dma.DAC1_CH1.4.SyncPolarity=HAL_DMAMUX_SYNC_NO_EVENT
Dma.DAC1_CH1.4.SyncRequestNumber=1
Dma.DAC1_CH1.4.SyncSignalID=NONE
Dma.I2C1_RX.11.Direction=DMA_PERIPH_TO_MEMORY
Dma.I2C1_RX.11.EventEnable=DISABLE
Dma.I2C1_RX.11.FIFOMode=DMA_FIFOMODE_DISABLE
Dma.I2C1_RX.11.Instance=DMA2_Stream7
Dma.I2C1_RX.11.MemDataAlignment=DMA_MDATAALIGN_BYTE
Dma.I2C1_RX.11.MemInc=DMA_MINC_ENABLE
Dma.I2C1_RX.11.Mode=DMA_NORMAL
Dma.I2C1_RX.11.PeriphDataAlignment=DMA_PDATAALIGN_BYTE
Dma.I2C1_RX.11.PeriphInc=DMA_PINC_DISABLE
Dma.I2C1_RX.11.Polarity=HAL_DMAMUX_REQ_GEN_RISING
Dma.I2C1_RX.11.Priority=DMA_PRIORITY_LOW
Dma.I2C1_RX.11.RequestNumber=1
Dma.I2C1_RX.11.RequestParameters=Instance,Direction,PeriphInc,MemInc,PeriphDataAlignment,MemDataAlignment,Mode,Priority,FIFOMode,SignalID,Polarity,RequestNumber,SyncSignalID,SyncPolarity,SyncEnable,EventEnable,SyncRequestNumber
Dma.I2C1_RX.11.SignalID=NONE
Dma.I2C1_RX.11.SyncEnable=DISABLE
Dma.I2C1_RX.11.SyncPolarity=HAL_DMAMUX_SYNC_NO_EVENT
Dma.I2C1_RX.11.SyncRequestNumber=1
Dma.I2C1_RX.11.SyncSignalID=NONE
Dma.I2C1_TX.10.Direction=DMA_MEMORY_TO_PERIPH
Dma.I2C1_TX.10.EventEnable=DISABLE
Dma.I2C1_TX.10.FIFOMode=DMA_FIFOMODE_DISABLE
Dma.I2C1_TX.10.Instance=DMA2_Stream6
Dma.I2C1_TX.10.MemDataAlignment=DMA_MDATAALIGN_BYTE
Dma.I2C1_TX.10.MemInc=DMA_MINC_ENABLE
Dma.I2C1_TX.10.Mode=DMA_NORMAL
Dma.I2C1_TX.10.PeriphDataAlignment=DMA_PDATAALIGN_BYTE
Dma.I2C1_TX.10.PeriphInc=DMA_PINC_DISABLE
Dma.I2C1_TX.10.Polarity=HAL_DMAMUX_REQ_GEN_RISING
Dma.I2C1_TX.10.Priority=DMA_PRIORITY_LOW
Dma.I2C1_TX.10.RequestNumber=1
Dma.I2C1_TX.10.RequestParameters=Instance,Direction,PeriphInc,MemInc,PeriphDataAlignment,MemDataAlignment,Mode,Priority,FIFOMode,SignalID,Polarity,RequestNumber,SyncSignalID,SyncPolarity,SyncEnable,EventEnable,SyncRequestNumber
Dma.I2C1_TX.10.SignalID=NONE
Dma.I2C1_TX.10.SyncEnable=DISABLE
Dma.I2C1_TX.10.SyncPolarity=HAL_DMAMUX_SYNC_NO_EVENT
Dma.I2C1_TX.10.SyncRequestNumber=1
Dma.I2C1_TX.10.SyncSignalID=NONE
Dma.I2C2_RX.7.Direction=DMA_PERIPH_TO_MEMORY
Dma.I2C2_RX.7.EventEnable=DISABLE
Dma.I2C2_RX.7.FIFOMode=DMA_FIFOMODE_DISABLE
Dma.I2C2_RX.7.Instance=DMA1_Stream4
Dma.I2C2_RX.7.MemDataAlignment=DMA_MDATAALIGN_BYTE
Dma.I2C2_RX.7.MemInc=DMA_MINC_ENABLE
Dma.I2C2_RX.7.Mode=DMA_NORMAL
Dma.I2C2_RX.7.PeriphDataAlignment=DMA_PDATAALIGN_BYTE
Dma.I2C2_RX.7.PeriphInc=DMA_PINC_DISABLE
Dma.I2C2_RX.7.Polarity=HAL_DMAMUX_REQ_GEN_RISING
Dma.I2C2_RX.7.Priority=DMA_PRIORITY_LOW
Dma.I2C2_RX.7.RequestNumber=1
Dma.I2C2_RX.7.RequestParameters=Instance,Direction,PeriphInc,MemInc,PeriphDataAlignment,MemDataAlignment,Mode,Priority,FIFOMode,SignalID,Polarity,RequestNumber,SyncSignalID,SyncPolarity,SyncEnable,EventEnable,SyncRequestNumber
Dma.I2C2_RX.7.SignalID=NONE
Dma.I2C2_RX.7.SyncEnable=DISABLE
Dma.I2C2_RX.7.SyncPolarity=HAL_DMAMUX_SYNC_NO_EVENT
Dma.I2C2_RX.7.SyncRequestNumber=1
Dma.I2C2_RX.7.SyncSignalID=NONE
Dma.I2C2_TX.6.Direction=DMA_MEMORY_TO_PERIPH
Dma.I2C2_TX.6.EventEnable=DISABLE
Dma.I2C2_TX.6.FIFOMode=DMA_FIFOMODE_DISABLE
Dma.I2C2_TX.6.Instance=DMA1_Stream3
Dma.I2C2_TX.6.MemDataAlignment=DMA_MDATAALIGN_BYTE
Dma.I2C2_TX.6.MemInc=DMA_MINC_ENABLE
Dma.I2C2_TX.6.Mode=DMA_NORMAL
Dma.I2C2_TX.6.PeriphDataAlignment=DMA_PDATAALIGN_BYTE
Dma.I2C2_TX.6.PeriphInc=DMA_PINC_DISABLE
Dma.I2C2_TX.6.Polarity=HAL_DMAMUX_REQ_GEN_RISING
Dma.I2C2_TX.6.Priority=DMA_PRIORITY_LOW
Dma.I2C2_TX.6.RequestNumber=1
Dma.I2C2_TX.6.RequestParameters=Instance,Direction,PeriphInc,MemInc,PeriphDataAlignment,MemDataAlignment,Mode,Priority,FIFOMode,SignalID,Polarity,RequestNumber,SyncSignalID,SyncPolarity,SyncEnable,EventEnable,SyncRequestNumber
Dma.I2C2_TX.6.SignalID=NONE
Dma.I2C2_TX.6.SyncEnable=DISABLE
Dma.I2C2_TX.6.SyncPolarity=HAL_DMAMUX_SYNC_NO_EVENT
Dma.I2C2_TX.6.SyncRequestNumber=1
Dma.I2C2_TX.6.SyncSignalID=NONE
Dma.I2C5_RX.13.Direction=DMA_PERIPH_TO_MEMORY
Dma.I2C5_RX.13.EventEnable=DISABLE
Dma.I2C5_RX.13.FIFOMode=DMA_FIFOMODE_DISABLE
Dma.I2C5_RX.13.Instance=DMA1_Stream6
Dma.I2C5_RX.13.MemDataAlignment=DMA_MDATAALIGN_BYTE
Dma.I2C5_RX.13.MemInc=DMA_MINC_ENABLE
Dma.I2C5_RX.13.Mode=DMA_NORMAL
Dma.I2C5_RX.13.PeriphDataAlignment=DMA_PDATAALIGN_BYTE
Dma.I2C5_RX.13.PeriphInc=DMA_PINC_DISABLE
Dma.I2C5_RX.13.Polarity=HAL_DMAMUX_REQ_GEN_RISING
Dma.I2C5_RX.13.Priority=DMA_PRIORITY_LOW
Dma.I2C5_RX.13.RequestNumber=1
Dma.I2C5_RX.13.RequestParameters=Instance,Direction,PeriphInc,MemInc,PeriphDataAlignment,MemDataAlignment,Mode,Priority,FIFOMode,SignalID,Polarity,RequestNumber,SyncSignalID,SyncPolarity,SyncEnable,EventEnable,SyncRequestNumber
Dma.I2C5_RX.13.SignalID=NONE
Dma.I2C5_RX.13.SyncEnable=DISABLE
Dma.I2C5_RX.13.SyncPolarity=HAL_DMAMUX_SYNC_NO_EVENT
Dma.I2C5_RX.13.SyncRequestNumber=1
Dma.I2C5_RX.13.SyncSignalID=NONE
Dma.I2C5_TX.12.Direction=DMA_MEMORY_TO_PERIPH
Dma.I2C5_TX.12.EventEnable=DISABLE
Dma.I2C5_TX.12.FIFOMode=DMA_FIFOMODE_DISABLE
Dma.I2C5_TX.12.Instance=DMA1_Stream2
Dma.I2C5_TX.12.MemDataAlignment=DMA_MDATAALIGN_BYTE
Dma.I2C5_TX.12.MemInc=DMA_MINC_ENABLE
Dma.I2C5_TX.12.Mode=DMA_NORMAL
Dma.I2C5_TX.12.PeriphDataAlignment=DMA_PDATAALIGN_BYTE
Dma.I2C5_TX.12.PeriphInc=DMA_PINC_DISABLE
Dma.I2C5_TX.12.Polarity=HAL_DMAMUX_REQ_GEN_RISING
Dma.I2C5_TX.12.Priority=DMA_PRIORITY_LOW
Dma.I2C5_TX.12.RequestNumber=1
Dma.I2C5_TX.12.RequestParameters=Instance,Direction,PeriphInc,MemInc,PeriphDataAlignment,MemDataAlignment,Mode,Priority,FIFOMode,SignalID,Polarity,RequestNumber,SyncSignalID,SyncPolarity,SyncEnable,EventEnable,SyncRequestNumber
Dma.I2C5_TX.12.SignalID=NONE
Dma.I2C5_TX.12.SyncEnable=DISABLE
Dma.I2C5_TX.12.SyncPolarity=HAL_DMAMUX_SYNC_NO_EVENT
Dma.I2C5_TX.12.SyncRequestNumber=1
Dma.I2C5_TX.12.SyncSignalID=NONE
Dma.Request0=USART1_TX
Dma.Request1=UART4_TX
Dma.Request10=I2C1_TX
Dma.Request11=I2C1_RX
Dma.Request12=I2C5_TX
Dma.Request13=I2C5_RX
Dma.Request2=TIM4_CH2
Dma.Request3=ADC1
Dma.Request4=DAC1_CH1
Dma.Request5=ADC3
Dma.Request6=I2C2_TX
Dma.Request7=I2C2_RX
Dma.Request8=SAI1_A
Dma.Request9=SAI1_B
Dma.RequestsNb=14
Dma.SAI1_A.8.Direction=DMA_MEMORY_TO_PERIPH
Dma.SAI1_A.8.EventEnable=DISABLE
Dma.SAI1_A.8.FIFOMode=DMA_FIFOMODE_DISABLE
Dma.SAI1_A.8.Instance=DMA2_Stream4
Dma.SAI1_A.8.MemDataAlignment=DMA_MDATAALIGN_HALFWORD
Dma.SAI1_A.8.MemInc=DMA_MINC_ENABLE
Dma.SAI1_A.8.Mode=DMA_CIRCULAR
Dma.SAI1_A.8.PeriphDataAlignment=DMA_PDATAALIGN_HALFWORD
Dma.SAI1_A.8.PeriphInc=DMA_PINC_DISABLE
Dma.SAI1_A.8.Polarity=HAL_DMAMUX_REQ_GEN_RISING
Dma.SAI1_A.8.Priority=DMA_PRIORITY_LOW
Dma.SAI1_A.8.RequestNumber=1
Dma.SAI1_A.8.RequestParameters=Instance,Direction,PeriphInc,MemInc,PeriphDataAlignment,MemDataAlignment,Mode,Priority,FIFOMode,SignalID,Polarity,RequestNumber,SyncSignalID,SyncPolarity,SyncEnable,EventEnable,SyncRequestNumber
Dma.SAI1_A.8.SignalID=NONE
Dma.SAI1_A.8.SyncEnable=DISABLE
Dma.SAI1_A.8.SyncPolarity=HAL_DMAMUX_SYNC_NO_EVENT
Dma.SAI1_A.8.SyncRequestNumber=1
Dma.SAI1_A.8.SyncSignalID=NONE
Dma.SAI1_B.9.Direction=DMA_MEMORY_TO_PERIPH
Dma.SAI1_B.9.EventEnable=DISABLE
Dma.SAI1_B.9.FIFOMode=DMA_FIFOMODE_DISABLE
Dma.SAI1_B.9.Instance=DMA2_Stream5
Dma.SAI1_B.9.MemDataAlignment=DMA_MDATAALIGN_HALFWORD
Dma.SAI1_B.9.MemInc=DMA_MINC_ENABLE
Dma.SAI1_B.9.Mode=DMA_CIRCULAR
Dma.SAI1_B.9.PeriphDataAlignment=DMA_PDATAALIGN_HALFWORD
Dma.SAI1_B.9.PeriphInc=DMA_PINC_DISABLE
Dma.SAI1_B.9.Polarity=HAL_DMAMUX_REQ_GEN_RISING
Dma.SAI1_B.9.Priority=DMA_PRIORITY_LOW
Dma.SAI1_B.9.RequestNumber=1
Dma.SAI1_B.9.RequestParameters=Instance,Direction,PeriphInc,MemInc,PeriphDataAlignment,MemDataAlignment,Mode,Priority,FIFOMode,SignalID,Polarity,RequestNumber,SyncSignalID,SyncPolarity,SyncEnable,EventEnable,SyncRequestNumber
Dma.SAI1_B.9.SignalID=NONE
Dma.SAI1_B.9.SyncEnable=DISABLE
Dma.SAI1_B.9.SyncPolarity=HAL_DMAMUX_SYNC_NO_EVENT
Dma.SAI1_B.9.SyncRequestNumber=1
Dma.SAI1_B.9.SyncSignalID=NONE
Dma.TIM4_CH2.2.Direction=DMA_MEMORY_TO_PERIPH
Dma.TIM4_CH2.2.EventEnable=DISABLE
Dma.TIM4_CH2.2.FIFOMode=DMA_FIFOMODE_DISABLE
Dma.TIM4_CH2.2.Instance=DMA2_Stream1
Dma.TIM4_CH2.2.MemDataAlignment=DMA_MDATAALIGN_HALFWORD
Dma.TIM4_CH2.2.MemInc=DMA_MINC_ENABLE
Dma.TIM4_CH2.2.Mode=DMA_NORMAL
Dma.TIM4_CH2.2.PeriphDataAlignment=DMA_PDATAALIGN_HALFWORD
Dma.TIM4_CH2.2.PeriphInc=DMA_PINC_DISABLE
Dma.TIM4_CH2.2.Polarity=HAL_DMAMUX_REQ_GEN_RISING
Dma.TIM4_CH2.2.Priority=DMA_PRIORITY_LOW
Dma.TIM4_CH2.2.RequestNumber=1
Dma.TIM4_CH2.2.RequestParameters=Instance,Direction,PeriphInc,MemInc,PeriphDataAlignment,MemDataAlignment,Mode,Priority,FIFOMode,SignalID,Polarity,RequestNumber,SyncSignalID,SyncPolarity,SyncEnable,EventEnable,SyncRequestNumber
Dma.TIM4_CH2.2.SignalID=NONE
Dma.TIM4_CH2.2.SyncEnable=DISABLE
Dma.TIM4_CH2.2.SyncPolarity=HAL_DMAMUX_SYNC_NO_EVENT
Dma.TIM4_CH2.2.SyncRequestNumber=1
Dma.TIM4_CH2.2.SyncSignalID=NONE
Dma.UART4_TX.1.Direction=DMA_MEMORY_TO_PERIPH
Dma.UART4_TX.1.EventEnable=DISABLE
Dma.UART4_TX.1.FIFOMode=DMA_FIFOMODE_DISABLE
Dma.UART4_TX.1.Instance=DMA1_Stream5
Dma.UART4_TX.1.MemDataAlignment=DMA_MDATAALIGN_BYTE
Dma.UART4_TX.1.MemInc=DMA_MINC_ENABLE
Dma.UART4_TX.1.Mode=DMA_NORMAL
Dma.UART4_TX.1.PeriphDataAlignment=DMA_PDATAALIGN_BYTE
Dma.UART4_TX.1.PeriphInc=DMA_PINC_DISABLE
Dma.UART4_TX.1.Polarity=HAL_DMAMUX_REQ_GEN_RISING
Dma.UART4_TX.1.Priority=DMA_PRIORITY_LOW
Dma.UART4_TX.1.RequestNumber=1
Dma.UART4_TX.1.RequestParameters=Instance,Direction,PeriphInc,MemInc,PeriphDataAlignment,MemDataAlignment,Mode,Priority,FIFOMode,SignalID,Polarity,RequestNumber,SyncSignalID,SyncPolarity,SyncEnable,EventEnable,SyncRequestNumber
Dma.UART4_TX.1.SignalID=NONE
Dma.UART4_TX.1.SyncEnable=DISABLE
Dma.UART4_TX.1.SyncPolarity=HAL_DMAMUX_SYNC_NO_EVENT
Dma.UART4_TX.1.SyncRequestNumber=1
Dma.UART4_TX.1.SyncSignalID=NONE
Dma.USART1_TX.0.Direction=DMA_MEMORY_TO_PERIPH
Dma.USART1_TX.0.EventEnable=DISABLE
Dma.USART1_TX.0.FIFOMode=DMA_FIFOMODE_DISABLE
Dma.USART1_TX.0.Instance=DMA1_Stream1
Dma.USART1_TX.0.MemDataAlignment=DMA_MDATAALIGN_BYTE
Dma.USART1_TX.0.MemInc=DMA_MINC_ENABLE
Dma.USART1_TX.0.Mode=DMA_NORMAL
Dma.USART1_TX.0.PeriphDataAlignment=DMA_PDATAALIGN_BYTE
Dma.USART1_TX.0.PeriphInc=DMA_PINC_DISABLE
Dma.USART1_TX.0.Polarity=HAL_DMAMUX_REQ_GEN_RISING
Dma.USART1_TX.0.Priority=DMA_PRIORITY_LOW
Dma.USART1_TX.0.RequestNumber=1
Dma.USART1_TX.0.RequestParameters=Instance,Direction,PeriphInc,MemInc,PeriphDataAlignment,MemDataAlignment,Mode,Priority,FIFOMode,SignalID,Polarity,RequestNumber,SyncSignalID,SyncPolarity,SyncEnable,EventEnable,SyncRequestNumber
Dma.USART1_TX.0.SignalID=NONE
Dma.USART1_TX.0.SyncEnable=DISABLE
Dma.USART1_TX.0.SyncPolarity=HAL_DMAMUX_SYNC_NO_EVENT
Dma.USART1_TX.0.SyncRequestNumber=1
Dma.USART1_TX.0.SyncSignalID=NONE
FATFS.BSP.number=1
FATFS.IPParameters=USE_DMA_CODE_SD,_USE_LFN,_MAX_SS,_USE_FIND
FATFS.USE_DMA_CODE_SD=1
FATFS._MAX_SS=4096
FATFS._USE_FIND=1
FATFS._USE_LFN=1
FATFS0.BSP.STBoard=false
FATFS0.BSP.api=Unknown
FATFS0.BSP.component=
FATFS0.BSP.condition=
FATFS0.BSP.instance=PD5
FATFS0.BSP.ip=GPIO
FATFS0.BSP.mode=Input
FATFS0.BSP.name=Detect_SDIO
FATFS0.BSP.semaphore=
FATFS0.BSP.solution=PD5
File.Version=6
GPIO.groupedBy=Group By Peripherals
I2C1.I2C_Fall_Time=0
I2C1.I2C_Rise_Time=0
I2C1.I2C_Speed_Mode=I2C_Fast
I2C1.IPParameters=Timing,I2C_Speed_Mode,I2C_Rise_Time,I2C_Fall_Time
I2C1.Timing=0x009032AE
I2C2.Analog_Filter=I2C_ANALOGFILTER_ENABLE
I2C2.CustomTiming=Disabled
I2C2.I2C_Coeff_DF=0
I2C2.I2C_Fall_Time=0
I2C2.I2C_Rise_Time=0
I2C2.I2C_Speed_Mode=I2C_Fast
I2C2.IPParameters=Timing,I2C_Speed_Mode,I2C_Rise_Time,I2C_Fall_Time,CustomTiming,I2C_Coeff_DF,Analog_Filter
I2C2.Timing=0x009032AE
I2C4.CustomTiming=Disabled
I2C4.I2C_Fall_Time=300
I2C4.I2C_Rise_Time=300
I2C4.I2C_Speed_Mode=I2C_Fast
I2C4.IPParameters=Timing,I2C_Speed_Mode,I2C_Fall_Time,I2C_Rise_Time,CustomTiming
I2C4.Timing=0x20C71027
I2C5.I2C_Speed_Mode=I2C_Fast
I2C5.IPParameters=Timing,I2C_Speed_Mode
I2C5.Timing=0x009032AE
IWDG1.IPParameters=Prescaler,Reload
IWDG1.Prescaler=IWDG_PRESCALER_32
IWDG1.Reload=1999
KeepUserPlacement=false
MMTAppRegionsCount=0
MMTConfigApplied=false
Mcu.CPN=STM32H723VGT6
Mcu.Family=STM32H7
Mcu.IP0=ADC1
Mcu.IP1=ADC3
Mcu.IP10=I2C5
Mcu.IP11=IWDG1
Mcu.IP12=MEMORYMAP
Mcu.IP13=NVIC
Mcu.IP14=RCC
Mcu.IP15=RTC
Mcu.IP16=SAI1
Mcu.IP17=SDMMC2
Mcu.IP18=SYS
Mcu.IP19=TIM1
Mcu.IP2=BDMA
Mcu.IP20=TIM2
Mcu.IP21=TIM4
Mcu.IP22=TIM7
Mcu.IP23=UART4
Mcu.IP24=UART5
Mcu.IP25=UART8
Mcu.IP26=USART1
Mcu.IP27=USART3
Mcu.IP3=CORTEX_M7
Mcu.IP4=DAC1
Mcu.IP5=DMA
Mcu.IP6=FATFS
Mcu.IP7=I2C1
Mcu.IP8=I2C2
Mcu.IP9=I2C4
Mcu.IPNb=28
Mcu.Name=STM32H723VGTx
Mcu.Package=LQFP100
Mcu.Pin0=PE2
Mcu.Pin1=PE3
Mcu.Pin10=PC0
Mcu.Pin11=PC1
Mcu.Pin12=PC2_C
Mcu.Pin13=PC3_C
Mcu.Pin14=PA0
Mcu.Pin15=PA1
Mcu.Pin16=PA2
Mcu.Pin17=PA3
Mcu.Pin18=PA4
Mcu.Pin19=PA5
Mcu.Pin2=PE4
Mcu.Pin20=PA6
Mcu.Pin21=PA7
Mcu.Pin22=PC4
Mcu.Pin23=PB1
Mcu.Pin24=PB2
Mcu.Pin25=PE7
Mcu.Pin26=PE8
Mcu.Pin27=PE9
Mcu.Pin28=PE10
Mcu.Pin29=PE11
Mcu.Pin3=PE5
Mcu.Pin30=PB10
Mcu.Pin31=PB11
Mcu.Pin32=PB12
Mcu.Pin33=PB13
Mcu.Pin34=PB14
Mcu.Pin35=PB15
Mcu.Pin36=PD8
Mcu.Pin37=PD9
Mcu.Pin38=PD12
Mcu.Pin39=PD13
Mcu.Pin4=PE6
Mcu.Pin40=PD14
Mcu.Pin41=PD15
Mcu.Pin42=PA9
Mcu.Pin43=PA10
Mcu.Pin44=PA11
Mcu.Pin45=PA12
Mcu.Pin46=PC10
Mcu.Pin47=PC11
Mcu.Pin48=PD0
Mcu.Pin49=PD1
Mcu.Pin5=PC13
Mcu.Pin50=PD2
Mcu.Pin51=PD3
Mcu.Pin52=PD5
Mcu.Pin53=PD6
Mcu.Pin54=PD7
Mcu.Pin55=PB3(JTDO/TRACESWO)
Mcu.Pin56=PB4(NJTRST)
Mcu.Pin57=PB6
Mcu.Pin58=PB7
Mcu.Pin59=PB8
Mcu.Pin6=PC14-OSC32_IN
Mcu.Pin60=PB9
Mcu.Pin61=PE0
Mcu.Pin62=PE1
Mcu.Pin63=VP_ADC3_Vref_Input
Mcu.Pin64=VP_FATFS_VS_SDIO
Mcu.Pin65=VP_IWDG1_VS_IWDG
Mcu.Pin66=VP_RTC_VS_RTC_Activate
Mcu.Pin67=VP_SAI1_VP_$IpInstance_SAIA_SAI_BASIC
Mcu.Pin68=VP_SAI1_VP_$IpInstance_SAIB_SAI_BASIC
Mcu.Pin69=VP_SYS_VS_Systick
Mcu.Pin7=PC15-OSC32_OUT
Mcu.Pin70=VP_TIM1_VS_ClockSourceINT
Mcu.Pin71=VP_TIM2_VS_ClockSourceINT
Mcu.Pin72=VP_TIM4_VS_ClockSourceINT
Mcu.Pin73=VP_TIM7_VS_ClockSourceINT
Mcu.Pin74=VP_MEMORYMAP_VS_MEMORYMAP
Mcu.Pin8=PH0-OSC_IN
Mcu.Pin9=PH1-OSC_OUT
Mcu.PinsNb=75
Mcu.ThirdPartyNb=0
Mcu.UserConstants=
Mcu.UserName=STM32H723VGTx
MxCube.Version=6.14.1
MxDb.Version=DB.6.0.141
NVIC.ADC3_IRQn=true\:4\:0\:true\:false\:true\:true\:true\:true
NVIC.ADC_IRQn=true\:4\:0\:true\:false\:true\:true\:true\:true
NVIC.BDMA_Channel0_IRQn=true\:4\:0\:true\:false\:true\:false\:true\:true
NVIC.BDMA_Channel1_IRQn=true\:4\:0\:true\:false\:true\:false\:true\:true
NVIC.BusFault_IRQn=true\:0\:0\:false\:false\:true\:false\:false\:false
NVIC.DMA1_Stream0_IRQn=true\:4\:0\:true\:false\:true\:false\:true\:true
NVIC.DMA1_Stream1_IRQn=true\:3\:0\:true\:false\:true\:false\:true\:true
NVIC.DMA1_Stream2_IRQn=true\:4\:0\:true\:false\:true\:false\:true\:true
NVIC.DMA1_Stream3_IRQn=true\:1\:0\:true\:false\:true\:false\:true\:true
NVIC.DMA1_Stream4_IRQn=true\:1\:0\:true\:false\:true\:false\:true\:true
NVIC.DMA1_Stream5_IRQn=true\:3\:0\:true\:false\:true\:false\:true\:true
NVIC.DMA1_Stream6_IRQn=true\:0\:0\:false\:false\:true\:false\:true\:true
NVIC.DMA2_Stream1_IRQn=true\:3\:0\:true\:false\:true\:false\:true\:true
NVIC.DMA2_Stream2_IRQn=true\:1\:0\:true\:false\:true\:false\:true\:true
NVIC.DMA2_Stream3_IRQn=true\:4\:0\:true\:false\:true\:false\:true\:true
NVIC.DMA2_Stream4_IRQn=true\:0\:0\:false\:false\:true\:false\:true\:true
NVIC.DMA2_Stream5_IRQn=true\:0\:0\:false\:false\:true\:false\:true\:true
NVIC.DMA2_Stream6_IRQn=true\:1\:0\:true\:false\:true\:false\:true\:true
NVIC.DMA2_Stream7_IRQn=true\:1\:0\:true\:false\:true\:false\:true\:true
NVIC.DebugMonitor_IRQn=true\:0\:0\:false\:false\:true\:false\:false\:false
NVIC.EXTI15_10_IRQn=true\:4\:0\:true\:false\:true\:true\:true\:true
NVIC.ForceEnableDMAVector=true
NVIC.HardFault_IRQn=true\:0\:0\:false\:false\:true\:false\:false\:false
NVIC.I2C1_ER_IRQn=true\:1\:0\:true\:false\:true\:true\:true\:true
NVIC.I2C1_EV_IRQn=true\:1\:0\:true\:false\:true\:true\:true\:true
NVIC.I2C2_ER_IRQn=true\:1\:0\:true\:false\:true\:true\:true\:true
NVIC.I2C2_EV_IRQn=true\:1\:0\:true\:false\:true\:true\:true\:true
NVIC.I2C4_ER_IRQn=true\:2\:0\:true\:false\:true\:true\:true\:true
NVIC.I2C4_EV_IRQn=true\:2\:0\:true\:false\:true\:true\:true\:true
NVIC.I2C5_EV_IRQn=true\:1\:0\:true\:false\:true\:true\:true\:true
NVIC.MemoryManagement_IRQn=true\:0\:0\:false\:false\:true\:false\:false\:false
NVIC.NonMaskableInt_IRQn=true\:0\:0\:false\:false\:true\:false\:false\:false
NVIC.PendSV_IRQn=true\:0\:0\:false\:false\:true\:false\:false\:false
NVIC.PriorityGroup=NVIC_PRIORITYGROUP_4
NVIC.SAI1_IRQn=true\:0\:0\:true\:false\:true\:true\:true\:true
NVIC.SDMMC2_IRQn=true\:1\:0\:true\:false\:true\:true\:true\:true
NVIC.SVCall_IRQn=true\:0\:0\:false\:false\:true\:false\:false\:false
NVIC.SysTick_IRQn=true\:15\:0\:false\:false\:true\:false\:true\:false
NVIC.TIM4_IRQn=true\:3\:0\:true\:false\:true\:true\:true\:true
NVIC.TIM6_DAC_IRQn=true\:0\:0\:false\:false\:true\:true\:true\:true
NVIC.TIM7_IRQn=true\:4\:0\:true\:false\:true\:true\:true\:true
NVIC.UART4_IRQn=true\:5\:0\:true\:false\:true\:true\:true\:true
NVIC.UART5_IRQn=true\:5\:0\:true\:false\:true\:true\:true\:true
NVIC.UART8_IRQn=true\:4\:0\:true\:false\:true\:true\:true\:true
NVIC.USART1_IRQn=true\:3\:0\:true\:false\:true\:true\:true\:true
NVIC.USART3_IRQn=true\:3\:0\:true\:false\:true\:true\:true\:true
NVIC.UsageFault_IRQn=true\:0\:0\:false\:false\:true\:false\:false\:false
PA0.GPIOParameters=GPIO_PuPd,GPIO_Label
PA0.GPIO_Label=TIM2_CH1_HEATER
PA0.GPIO_PuPd=GPIO_PULLDOWN
PA0.Locked=true
PA0.Signal=S_TIM2_CH1_ETR
PA1.GPIOParameters=GPIO_PuPd,GPIO_Label
PA1.GPIO_Label=TIM2_CH2_BLOWFAN
PA1.GPIO_PuPd=GPIO_PULLDOWN
PA1.Locked=true
PA1.Signal=S_TIM2_CH2
PA10.GPIOParameters=GPIO_Label
PA10.GPIO_Label=UART1_RX_ESP
PA10.Locked=true
PA10.Mode=Asynchronous
PA10.Signal=USART1_RX
PA11.GPIOParameters=GPIO_Label
PA11.GPIO_Label=UART4_RX_DBG
PA11.Locked=true
PA11.Mode=Asynchronous
PA11.Signal=UART4_RX
PA12.GPIOParameters=GPIO_Label
PA12.GPIO_Label=UART4_TX_DBG
PA12.Locked=true
PA12.Mode=Asynchronous
PA12.Signal=UART4_TX
PA2.GPIOParameters=GPIO_PuPd,GPIO_Label
PA2.GPIO_Label=TIM2_CH3_PAD
PA2.GPIO_PuPd=GPIO_PULLDOWN
PA2.Locked=true
PA2.Signal=S_TIM2_CH3
PA3.GPIOParameters=GPIO_PuPd,GPIO_Label
PA3.GPIO_Label=TIM2_CH4_ACT_COOLFAN
PA3.GPIO_PuPd=GPIO_PULLDOWN
PA3.Locked=true
PA3.Signal=S_TIM2_CH4
PA4.GPIOParameters=GPIO_Label
PA4.GPIO_Label=DAC1_OUT1_AUDIO
PA4.Locked=true
PA4.Signal=COMP_DAC11_group
PA5.GPIOParameters=GPIO_Label
PA5.GPIO_Label=DAC1_OUT2_AUDIO
PA5.Locked=true
PA5.Signal=COMP_DAC12_group
PA6.GPIOParameters=GPIO_Label
PA6.GPIO_Label=ADC1_INP3_ACT_COOLFAN
PA6.Locked=true
PA6.Signal=ADCx_INP3
PA7.GPIOParameters=GPIO_Label
PA7.GPIO_Label=DI_ACT_TOF1_GPIO
PA7.Locked=true
PA7.Signal=GPIO_Input
PA9.GPIOParameters=GPIO_Label
PA9.GPIO_Label=UART1_TX_ESP
PA9.Locked=true
PA9.Mode=Asynchronous
PA9.Signal=USART1_TX
PB1.GPIOParameters=GPIO_Label
PB1.GPIO_Label=DI_IMUR_INT
PB1.Locked=true
PB1.Signal=GPIO_Input
PB10.GPIOParameters=GPIO_Label
PB10.GPIO_Label=I2C2_SCL_SUB
PB10.Locked=true
PB10.Mode=I2C
PB10.Signal=I2C2_SCL
PB11.GPIOParameters=GPIO_Label
PB11.GPIO_Label=I2C2_SDA_SUB
PB11.Locked=true
PB11.Mode=I2C
PB11.Signal=I2C2_SDA
PB12.GPIOParameters=GPIO_Label
PB12.GPIO_Label=UART5_RX_RSVD
PB12.Locked=true
PB12.Mode=Asynchronous
PB12.Signal=UART5_RX
PB13.GPIOParameters=GPIO_Label
PB13.GPIO_Label=UART5_TX_RSVD
PB13.Locked=true
PB13.Mode=Asynchronous
PB13.Signal=UART5_TX
PB14.Mode=SD_4_bits_Wide_bus
PB14.Signal=SDMMC2_D0
PB15.Mode=SD_4_bits_Wide_bus
PB15.Signal=SDMMC2_D1
PB2.GPIOParameters=GPIO_Label
PB2.GPIO_Label=DI_IMUL_INT
PB2.Locked=true
PB2.Signal=GPIO_Input
PB3(JTDO/TRACESWO).Mode=SD_4_bits_Wide_bus
PB3(JTDO/TRACESWO).Signal=SDMMC2_D2
PB4(NJTRST).Mode=SD_4_bits_Wide_bus
PB4(NJTRST).Signal=SDMMC2_D3
PB6.GPIOParameters=GPIO_Label
PB6.GPIO_Label=I2C1_SCL_ACT
PB6.Locked=true
PB6.Mode=I2C
PB6.Signal=I2C1_SCL
PB7.GPIOParameters=GPIO_Label
PB7.GPIO_Label=I2C1_SDA_ACT
PB7.Locked=true
PB7.Mode=I2C
PB7.Signal=I2C1_SDA
PB8.GPIOParameters=GPIO_Label
PB8.GPIO_Label=I2C4_SCL_ACT
PB8.Locked=true
PB8.Mode=I2C
PB8.Signal=I2C4_SCL
PB9.GPIOParameters=GPIO_Label
PB9.GPIO_Label=I2C4_SDA_ACT
PB9.Locked=true
PB9.Mode=I2C
PB9.Signal=I2C4_SDA
PC0.GPIOParameters=GPIO_Label
PC0.GPIO_Label=ADC1_INP10_HEATER
PC0.Locked=true
PC0.Signal=ADCx_INP10
PC1.GPIOParameters=GPIO_Label
PC1.GPIO_Label=ADC1_INP11_VBAT
PC1.Locked=true
PC1.Signal=ADCx_INP11
PC10.GPIOParameters=GPIO_Label
PC10.GPIO_Label=I2C5_SDA_AUDIO
PC10.Locked=true
PC10.Mode=I2C
PC10.Signal=I2C5_SDA
PC11.GPIOParameters=GPIO_Label
PC11.GPIO_Label=I2C5_SCL_AUDIO
PC11.Locked=true
PC11.Mode=I2C
PC11.Signal=I2C5_SCL
PC13.GPIOParameters=GPIO_Label
PC13.GPIO_Label=DO_12VA_EN
PC13.Locked=true
PC13.Signal=GPIO_Output
PC14-OSC32_IN.GPIOParameters=GPIO_Label
PC14-OSC32_IN.GPIO_Label=DO_PAD_EN
PC14-OSC32_IN.Locked=true
PC14-OSC32_IN.Signal=GPIO_Output
PC15-OSC32_OUT.GPIOParameters=GPIO_Label
PC15-OSC32_OUT.GPIO_Label=DO_FAN_EN
PC15-OSC32_OUT.Locked=true
PC15-OSC32_OUT.Signal=GPIO_Output
PC2_C.GPIOParameters=GPIO_Label
PC2_C.GPIO_Label=ADC3_INP0_FAN
PC2_C.Locked=true
PC2_C.Mode=IN0-Single-Ended
PC2_C.Signal=ADC3_INP0
PC3_C.GPIOParameters=GPIO_Label
PC3_C.GPIO_Label=ADC3_INP1_PAD
PC3_C.Locked=true
PC3_C.Mode=IN1-Single-Ended
PC3_C.Signal=ADC3_INP1
PC4.GPIOParameters=GPIO_Label
PC4.GPIO_Label=DO_ACT_TOF1_SHUT
PC4.Locked=true
PC4.Signal=GPIO_Output
PD0.GPIOParameters=GPIO_Label
PD0.GPIO_Label=DO_EXT_IO1
PD0.Locked=true
PD0.Signal=GPIO_Output
PD1.GPIOParameters=GPIO_Label
PD1.GPIO_Label=DO_EXT_IO2
PD1.Locked=true
PD1.Signal=GPIO_Output
PD12.GPIOParameters=GPIO_Label
PD12.GPIO_Label=DO_CTRL_LED2
PD12.Locked=true
PD12.Signal=GPIO_Output
PD13.GPIOParameters=GPIO_PuPd,GPIO_Label
PD13.GPIO_Label=TIM4_CH2_CTRL_LED1
PD13.GPIO_PuPd=GPIO_PULLDOWN
PD13.Locked=true
PD13.Signal=S_TIM4_CH2
PD14.GPIOParameters=GPIO_Label,GPIO_ModeDefaultEXTI
PD14.GPIO_Label=EXTI14_PWR
PD14.GPIO_ModeDefaultEXTI=GPIO_MODE_IT_FALLING
PD14.Locked=true
PD14.Signal=GPXTI14
PD15.GPIOParameters=GPIO_Label
PD15.GPIO_Label=DI_CTRL_SW2
PD15.Locked=true
PD15.Signal=GPIO_Input
PD2.GPIOParameters=GPIO_Label
PD2.GPIO_Label=DO_EXT_IO3
PD2.Locked=true
PD2.Signal=GPIO_Output
PD3.GPIOParameters=GPIO_Label
PD3.GPIO_Label=DO_EXT_IO4
PD3.Locked=true
PD3.Signal=GPIO_Output
PD5.GPIOParameters=GPIO_Label
PD5.GPIO_Label=DI_DET_SD
PD5.Locked=true
PD5.Signal=GPIO_Input
PD6.Mode=SD_4_bits_Wide_bus
PD6.Signal=SDMMC2_CK
PD7.Mode=SD_4_bits_Wide_bus
PD7.Signal=SDMMC2_CMD
PD8.GPIOParameters=GPIO_Label
PD8.GPIO_Label=UART3_TX_RSVD
PD8.Locked=true
PD8.Mode=Asynchronous
PD8.Signal=USART3_TX
PD9.GPIOParameters=GPIO_Label
PD9.GPIO_Label=UART3_RX_RSVD
PD9.Locked=true
PD9.Mode=Asynchronous
PD9.Signal=USART3_RX
PE0.GPIOParameters=GPIO_Label
PE0.GPIO_Label=UART8_RX_RSVD
PE0.Locked=true
PE0.Mode=Asynchronous
PE0.Signal=UART8_RX
PE1.GPIOParameters=GPIO_Label
PE1.GPIO_Label=UART8_TX_RSVD
PE1.Locked=true
PE1.Mode=Asynchronous
PE1.Signal=UART8_TX
PE10.GPIOParameters=GPIO_Label
PE10.GPIO_Label=DO_AUDIO_SHDN
PE10.Locked=true
PE10.Signal=GPIO_Output
PE11.GPIOParameters=GPIO_Label
PE11.GPIO_Label=DO_I2C5_ADD
PE11.Locked=true
PE11.Signal=GPIO_Output
PE2.GPIOParameters=GPIO_Speed
PE2.GPIO_Speed=GPIO_SPEED_FREQ_VERY_HIGH
PE2.Locked=true
PE2.Mode=SAI_A_MasterWithClock
PE2.Signal=SAI1_MCLK_A
PE3.Locked=true
PE3.Mode=SAI_B_SyncSlave
PE3.Signal=SAI1_SD_B
PE4.GPIOParameters=GPIO_Speed
PE4.GPIO_Speed=GPIO_SPEED_FREQ_VERY_HIGH
PE4.Locked=true
PE4.Mode=SAI_A_MasterWithClock
PE4.Signal=SAI1_FS_A
PE5.GPIOParameters=GPIO_Speed
PE5.GPIO_Speed=GPIO_SPEED_FREQ_VERY_HIGH
PE5.Locked=true
PE5.Mode=SAI_A_MasterWithClock
PE5.Signal=SAI1_SCK_A
PE6.Locked=true
PE6.Mode=SAI_A_MasterWithClock
PE6.Signal=SAI1_SD_A
PE7.GPIOParameters=GPIO_Label,GPIO_ModeDefaultEXTI
PE7.GPIO_Label=DI_TOF2_GPIO
PE7.GPIO_ModeDefaultEXTI=GPIO_MODE_IT_FALLING
PE7.Locked=true
PE7.Signal=GPXTI7
PE8.GPIOParameters=GPIO_Label
PE8.GPIO_Label=DO_TOF2_SHUT
PE8.Locked=true
PE8.Signal=GPIO_Output
PE9.GPIOParameters=GPIO_Label
PE9.GPIO_Label=DI_CTRL_SW1
PE9.Locked=true
PE9.Signal=GPIO_Input
PH0-OSC_IN.Mode=HSE-External-Oscillator
PH0-OSC_IN.Signal=RCC_OSC_IN
PH1-OSC_OUT.Mode=HSE-External-Oscillator
PH1-OSC_OUT.Signal=RCC_OSC_OUT
PinOutPanel.RotationAngle=0
ProjectManager.AskForMigrate=true
ProjectManager.BackupPrevious=false
ProjectManager.CompilerLinker=GCC
ProjectManager.CompilerOptimize=6
ProjectManager.ComputerToolchain=false
ProjectManager.CoupleFile=false
ProjectManager.CustomerFirmwarePackage=
ProjectManager.DefaultFWLocation=true
ProjectManager.DeletePrevious=true
ProjectManager.DeviceId=STM32H723VGTx
ProjectManager.FirmwarePackage=STM32Cube FW_H7 V1.12.1
ProjectManager.FreePins=false
ProjectManager.HalAssertFull=false
ProjectManager.HeapSize=0x400
ProjectManager.KeepUserCode=true
ProjectManager.LastFirmware=true
ProjectManager.LibraryCopy=1
ProjectManager.MainLocation=Core/Src
ProjectManager.NoMain=false
ProjectManager.PreviousToolchain=
ProjectManager.ProjectBuild=false
ProjectManager.ProjectFileName=WithForce_1.00.30.ioc
ProjectManager.ProjectName=WithForce_1.00.30
ProjectManager.ProjectStructure=
ProjectManager.RegisterCallBack=
ProjectManager.StackSize=0x6000
ProjectManager.TargetToolchain=STM32CubeIDE
ProjectManager.ToolChainLocation=
ProjectManager.UAScriptAfterPath=
ProjectManager.UAScriptBeforePath=
ProjectManager.UnderRoot=true
ProjectManager.functionlistsort=1-SystemClock_Config-RCC-false-HAL-false,2-MX_GPIO_Init-GPIO-false-HAL-true,3-MX_DMA_Init-DMA-false-HAL-true,4-MX_BDMA_Init-BDMA-false-HAL-true,5-MX_SAI1_Init-SAI1-false-HAL-true,6-MX_ADC1_Init-ADC1-false-HAL-true,7-MX_ADC3_Init-ADC3-false-HAL-true,8-MX_DAC1_Init-DAC1-false-HAL-true,9-MX_I2C1_Init-I2C1-false-HAL-true,10-MX_I2C2_Init-I2C2-false-HAL-true,11-MX_I2C4_Init-I2C4-false-HAL-true,12-MX_SDMMC2_SD_Init-SDMMC2-false-HAL-true,13-MX_TIM2_Init-TIM2-false-HAL-true,14-MX_TIM4_Init-TIM4-false-HAL-true,15-MX_UART4_Init-UART4-false-HAL-true,16-MX_UART5_Init-UART5-false-HAL-true,17-MX_UART8_Init-UART8-false-HAL-true,18-MX_USART1_UART_Init-USART1-false-HAL-true,19-MX_USART3_UART_Init-USART3-false-HAL-true,20-MX_FATFS_Init-FATFS-false-HAL-false,21-MX_TIM7_Init-TIM7-false-HAL-true,22-MX_I2C5_Init-I2C5-false-HAL-true,23-MX_TIM1_Init-TIM1-false-HAL-true,24-MX_RTC_Init-RTC-false-HAL-true,25-MX_WWDG1_Init-WWDG1-false-HAL-true,0-MX_CORTEX_M7_Init-CORTEX_M7-false-HAL-true
RCC.ADCFreq_Value=96000000
RCC.AHB12Freq_Value=192000000
RCC.AHB4Freq_Value=192000000
RCC.APB1Freq_Value=96000000
RCC.APB2Freq_Value=96000000
RCC.APB3Freq_Value=12000000
RCC.APB4Freq_Value=96000000
RCC.AXIClockFreq_Value=192000000
RCC.CECFreq_Value=32000
RCC.CKPERFreq_Value=64000000
RCC.CortexFreq_Value=384000000
RCC.CpuClockFreq_Value=384000000
RCC.D1CPREFreq_Value=384000000
RCC.D1PPRE=RCC_APB3_DIV16
RCC.D2PPRE1=RCC_APB1_DIV2
RCC.D2PPRE2=RCC_APB2_DIV2
RCC.D3PPRE=RCC_APB4_DIV2
RCC.DFSDMACLkFreq_Value=6144000
RCC.DFSDMFreq_Value=96000000
RCC.DIVM1=1
RCC.DIVM2=1
RCC.DIVN1=96
RCC.DIVN2=24
RCC.DIVP1Freq_Value=384000000
RCC.DIVP2Freq_Value=96000000
RCC.DIVP3Freq_Value=16125000
RCC.DIVQ1=125
RCC.DIVQ1Freq_Value=6144000
RCC.DIVQ2Freq_Value=96000000
RCC.DIVQ3Freq_Value=16125000
RCC.DIVR1Freq_Value=384000000
RCC.DIVR2=1
RCC.DIVR2Freq_Value=192000000
RCC.DIVR3Freq_Value=16125000
RCC.EnbaleCSS=false
RCC.FDCANFreq_Value=6144000
RCC.FLatency-AdvancedSettings=FLASH_LATENCY_2
RCC.FMCFreq_Value=192000000
RCC.FamilyName=M
RCC.HCLK3ClockFreq_Value=192000000
RCC.HCLKFreq_Value=192000000
RCC.HPRE=RCC_HCLK_DIV2
RCC.HSE_VALUE=8000000
RCC.I2C123Freq_Value=96000000
RCC.I2C4Freq_Value=96000000
RCC.IPParameters=ADCFreq_Value,AHB12Freq_Value,AHB4Freq_Value,APB1Freq_Value,APB2Freq_Value,APB3Freq_Value,APB4Freq_Value,AXIClockFreq_Value,CECFreq_Value,CKPERFreq_Value,CortexFreq_Value,CpuClockFreq_Value,D1CPREFreq_Value,D1PPRE,D2PPRE1,D2PPRE2,D3PPRE,DFSDMACLkFreq_Value,DFSDMFreq_Value,DIVM1,DIVM2,DIVN1,DIVN2,DIVP1Freq_Value,DIVP2Freq_Value,DIVP3Freq_Value,DIVQ1,DIVQ1Freq_Value,DIVQ2Freq_Value,DIVQ3Freq_Value,DIVR1Freq_Value,DIVR2,DIVR2Freq_Value,DIVR3Freq_Value,EnbaleCSS,FDCANFreq_Value,FLatency-AdvancedSettings,FMCFreq_Value,FamilyName,HCLK3ClockFreq_Value,HCLKFreq_Value,HPRE,HSE_VALUE,I2C123Freq_Value,I2C4Freq_Value,LPTIM1Freq_Value,LPTIM2Freq_Value,LPTIM345Freq_Value,LPUART1Freq_Value,LTDCFreq_Value,MCO1PinFreq_Value,MCO2PinFreq_Value,PLL2FRACN,PLL2_VCO_SEL-AdvancedSettings,PLL3FRACN,PLL3_VCI_Range-AdvancedSettings,PLL3_VCO_SEL-AdvancedSettings,PLLFRACN,PLLSourceVirtual,QSPIFreq_Value,RNGFreq_Value,RTCFreq_Value,SAI1Freq_Value,SAI4AFreq_Value,SAI4BFreq_Value,SDMMC1CLockSelection,SDMMCFreq_Value,SPDIFRXFreq_Value,SPI123Freq_Value,SPI45Freq_Value,SPI6Freq_Value,SWPMI1Freq_Value,SYSCLKFreq_VALUE,SYSCLKSource,Tim1OutputFreq_Value,Tim2OutputFreq_Value,TraceFreq_Value,USART16Freq_Value,USART234578Freq_Value,USBFreq_Value,VCO1OutputFreq_Value,VCO2OutputFreq_Value,VCO3OutputFreq_Value,VCOInput1Freq_Value,VCOInput2Freq_Value,VCOInput3Freq_Value
RCC.LPTIM1Freq_Value=96000000
RCC.LPTIM2Freq_Value=96000000
RCC.LPTIM345Freq_Value=96000000
RCC.LPUART1Freq_Value=12000000
RCC.LTDCFreq_Value=16125000
RCC.MCO1PinFreq_Value=64000000
RCC.MCO2PinFreq_Value=384000000
RCC.PLL2FRACN=0
RCC.PLL2_VCO_SEL-AdvancedSettings=RCC_PLL2VCOMEDIUM
RCC.PLL3FRACN=0
RCC.PLL3_VCI_Range-AdvancedSettings=RCC_PLL3VCIRANGE_3
RCC.PLL3_VCO_SEL-AdvancedSettings=RCC_PLL3VCOMEDIUM
RCC.PLLFRACN=0
RCC.PLLSourceVirtual=RCC_PLLSOURCE_HSE
RCC.QSPIFreq_Value=192000000
RCC.RNGFreq_Value=48000000
RCC.RTCFreq_Value=32000
RCC.SAI1Freq_Value=6144000
RCC.SAI4AFreq_Value=6144000
RCC.SAI4BFreq_Value=6144000
RCC.SDMMC1CLockSelection=RCC_SDMMCCLKSOURCE_PLL2
RCC.SDMMCFreq_Value=192000000
RCC.SPDIFRXFreq_Value=6144000
RCC.SPI123Freq_Value=6144000
RCC.SPI45Freq_Value=96000000
RCC.SPI6Freq_Value=96000000
RCC.SWPMI1Freq_Value=96000000
RCC.SYSCLKFreq_VALUE=384000000
RCC.SYSCLKSource=RCC_SYSCLKSOURCE_PLLCLK
RCC.Tim1OutputFreq_Value=192000000
RCC.Tim2OutputFreq_Value=192000000
RCC.TraceFreq_Value=64000000
RCC.USART16Freq_Value=96000000
RCC.USART234578Freq_Value=96000000
RCC.USBFreq_Value=6144000
RCC.VCO1OutputFreq_Value=768000000
RCC.VCO2OutputFreq_Value=192000000
RCC.VCO3OutputFreq_Value=32250000
RCC.VCOInput1Freq_Value=8000000
RCC.VCOInput2Freq_Value=8000000
RCC.VCOInput3Freq_Value=250000
SAI1.AudioFrequency-SAI_A_MasterWithClock=SAI_AUDIO_FREQUENCY_MCKDIV
SAI1.AudioMode-SAI_B_SyncSlave=SAI_MODESLAVE_TX
SAI1.BasicProtocol-SAI_A_MasterWithClock=SAI_I2S_STANDARD
SAI1.BasicProtocol-SAI_B_SyncSlave=SAI_I2S_STANDARD
SAI1.ErrorAudioFreq-SAI_A_MasterWithClock=-45.57 %
SAI1.FIFOThreshold-SAI_A_MasterWithClock=SAI_FIFOTHRESHOLD_HF
SAI1.FIFOThreshold-SAI_B_SyncSlave=SAI_FIFOTHRESHOLD_HF
SAI1.IPParameters=Instance-SAI_A_MasterWithClock,VirtualMode-SAI_A_MasterWithClock,MckOutput,RealAudioFreq-SAI_A_MasterWithClock,ErrorAudioFreq-SAI_A_MasterWithClock,NoDivider-SAI_A_MasterWithClock,AudioFrequency-SAI_A_MasterWithClock,OutputDrive-SAI_A_MasterWithClock,FIFOThreshold-SAI_A_MasterWithClock,Instance-SAI_B_SyncSlave,VirtualMode-SAI_B_SyncSlave,AudioMode-SAI_B_SyncSlave,MonoStereoMode-SAI_A_MasterWithClock,MonoStereoMode-SAI_B_SyncSlave,InitProtocol-SAI_A_MasterWithClock,VirtualProtocol-SAI_A_BASIC,InitProtocol-SAI_B_SyncSlave,VirtualProtocol-SAI_B_BASIC,FIFOThreshold-SAI_B_SyncSlave,OutputDrive-SAI_B_SyncSlave,BasicProtocol-SAI_A_MasterWithClock,BasicProtocol-SAI_B_SyncSlave,TriState-SAI_A_MasterWithClock
SAI1.InitProtocol-SAI_A_MasterWithClock=Enable
SAI1.InitProtocol-SAI_B_SyncSlave=Enable
SAI1.Instance-SAI_A_MasterWithClock=SAI$Index_Block_A
SAI1.Instance-SAI_B_SyncSlave=SAI$Index_Block_B
SAI1.MckOutput=SAI_MCK_OUTPUT_ENABLE
SAI1.MonoStereoMode-SAI_A_MasterWithClock=SAI_STEREOMODE
SAI1.MonoStereoMode-SAI_B_SyncSlave=SAI_STEREOMODE
SAI1.NoDivider-SAI_A_MasterWithClock=SAI_MASTERDIVIDER_ENABLE
SAI1.OutputDrive-SAI_A_MasterWithClock=SAI_OUTPUTDRIVE_ENABLE
SAI1.OutputDrive-SAI_B_SyncSlave=SAI_OUTPUTDRIVE_ENABLE
SAI1.RealAudioFreq-SAI_A_MasterWithClock=24.0 KHz
SAI1.TriState-SAI_A_MasterWithClock=SAI_OUTPUT_RELEASED
SAI1.VirtualMode-SAI_A_MasterWithClock=VM_MASTER
SAI1.VirtualMode-SAI_B_SyncSlave=VM_SLAVE
SAI1.VirtualProtocol-SAI_A_BASIC=VM_BASIC_PROTOCOL
SAI1.VirtualProtocol-SAI_B_BASIC=VM_BASIC_PROTOCOL
SDMMC2.ClockDiv=3
SDMMC2.ClockEdge=SDMMC_CLOCK_EDGE_FALLING
SDMMC2.IPParameters=ClockEdge,ClockDiv
SH.ADCx_INP10.0=ADC1_INP10,IN10-Single-Ended
SH.ADCx_INP10.ConfNb=1
SH.ADCx_INP11.0=ADC1_INP11,IN11-Single-Ended
SH.ADCx_INP11.ConfNb=1
SH.ADCx_INP3.0=ADC1_INP3,IN3-Single-Ended
SH.ADCx_INP3.ConfNb=1
SH.COMP_DAC11_group.0=DAC1_OUT1,DAC_OUT1
SH.COMP_DAC11_group.ConfNb=1
SH.COMP_DAC12_group.0=DAC1_OUT2
SH.COMP_DAC12_group.ConfNb=1
SH.GPXTI14.0=GPIO_EXTI14
SH.GPXTI14.ConfNb=1
SH.GPXTI7.0=GPIO_EXTI7
SH.GPXTI7.ConfNb=1
SH.S_TIM2_CH1_ETR.0=TIM2_CH1,PWM Generation1 CH1
SH.S_TIM2_CH1_ETR.ConfNb=1
SH.S_TIM2_CH2.0=TIM2_CH2,PWM Generation2 CH2
SH.S_TIM2_CH2.ConfNb=1
SH.S_TIM2_CH3.0=TIM2_CH3,PWM Generation3 CH3
SH.S_TIM2_CH3.ConfNb=1
SH.S_TIM2_CH4.0=TIM2_CH4,PWM Generation4 CH4
SH.S_TIM2_CH4.ConfNb=1
SH.S_TIM4_CH2.0=TIM4_CH2,PWM Generation2 CH2
SH.S_TIM4_CH2.ConfNb=1
TIM1.IPParameters=Prescaler,Period,TIM_MasterOutputTrigger
TIM1.Period=7999
TIM1.Prescaler=0
TIM1.TIM_MasterOutputTrigger=TIM_TRGO_UPDATE
TIM2.Channel-PWM\ Generation1\ CH1=TIM_CHANNEL_1
TIM2.Channel-PWM\ Generation2\ CH2=TIM_CHANNEL_2
TIM2.Channel-PWM\ Generation3\ CH3=TIM_CHANNEL_3
TIM2.Channel-PWM\ Generation4\ CH4=TIM_CHANNEL_4
TIM2.IPParameters=Channel-PWM Generation3 CH3,Channel-PWM Generation4 CH4,Period,Prescaler,Channel-PWM Generation2 CH2,Channel-PWM Generation1 CH1
TIM2.Period=1000 - 1
TIM2.Prescaler=1920 - 1
TIM4.Channel-PWM\ Generation2\ CH2=TIM_CHANNEL_2
TIM4.IPParameters=Channel-PWM Generation2 CH2,Period,OC2Preload_PWM
TIM4.OC2Preload_PWM=ENABLE
TIM4.Period=240 - 1
TIM7.AutoReloadPreload=TIM_AUTORELOAD_PRELOAD_ENABLE
TIM7.IPParameters=Prescaler,AutoReloadPreload,Period
TIM7.Period=99
TIM7.Prescaler=191
USART1.IPParameters=VirtualMode-Asynchronous
USART1.VirtualMode-Asynchronous=VM_ASYNC
USART3.IPParameters=VirtualMode-Asynchronous
USART3.VirtualMode-Asynchronous=VM_ASYNC
VP_ADC3_Vref_Input.Mode=IN-Vrefint
VP_ADC3_Vref_Input.Signal=ADC3_Vref_Input
VP_FATFS_VS_SDIO.Mode=SDIO
VP_FATFS_VS_SDIO.Signal=FATFS_VS_SDIO
VP_IWDG1_VS_IWDG.Mode=IWDG_Activate
VP_IWDG1_VS_IWDG.Signal=IWDG1_VS_IWDG
VP_MEMORYMAP_VS_MEMORYMAP.Mode=CurAppReg
VP_MEMORYMAP_VS_MEMORYMAP.Signal=MEMORYMAP_VS_MEMORYMAP
VP_RTC_VS_RTC_Activate.Mode=RTC_Enabled
VP_RTC_VS_RTC_Activate.Signal=RTC_VS_RTC_Activate
VP_SAI1_VP_$IpInstance_SAIA_SAI_BASIC.Mode=SAI_A_BASIC
VP_SAI1_VP_$IpInstance_SAIA_SAI_BASIC.Signal=SAI1_VP_$IpInstance_SAIA_SAI_BASIC
VP_SAI1_VP_$IpInstance_SAIB_SAI_BASIC.Mode=SAI_B_BASIC
VP_SAI1_VP_$IpInstance_SAIB_SAI_BASIC.Signal=SAI1_VP_$IpInstance_SAIB_SAI_BASIC
VP_SYS_VS_Systick.Mode=SysTick
VP_SYS_VS_Systick.Signal=SYS_VS_Systick
VP_TIM1_VS_ClockSourceINT.Mode=Internal
VP_TIM1_VS_ClockSourceINT.Signal=TIM1_VS_ClockSourceINT
VP_TIM2_VS_ClockSourceINT.Mode=Internal
VP_TIM2_VS_ClockSourceINT.Signal=TIM2_VS_ClockSourceINT
VP_TIM4_VS_ClockSourceINT.Mode=Internal
VP_TIM4_VS_ClockSourceINT.Signal=TIM4_VS_ClockSourceINT
VP_TIM7_VS_ClockSourceINT.Mode=Enable_Timer
VP_TIM7_VS_ClockSourceINT.Signal=TIM7_VS_ClockSourceINT
board=custom
isbadioc=false
